<?xml version="1.0" encoding="utf-8"?>
<Project ToolsVersion="4.0" xmlns="http://schemas.microsoft.com/developer/msbuild/2003">
  <ItemGroup>
    <Filter Include="Source Files">
      <UniqueIdentifier>{50a13ccf-a691-4060-ac90-e5fa3eb2cc99}</UniqueIdentifier>
      <Extensions>cpp;c;cxx;rc;def;r;odl;idl;hpj;bat</Extensions>
    </Filter>
    <Filter Include="Header Files">
      <UniqueIdentifier>{ab33de50-a86a-4abe-baca-ea90fa613805}</UniqueIdentifier>
      <Extensions>h;hpp;hxx;hm;inl</Extensions>
    </Filter>
    <Filter Include="Resource Files">
      <UniqueIdentifier>{752e4a64-ab53-41b0-abcb-98f4b50c73e1}</UniqueIdentifier>
      <Extensions>ico;cur;bmp;dlg;rc2;rct;bin;rgs;gif;jpg;jpeg;jpe</Extensions>
    </Filter>
  </ItemGroup>
  <ItemGroup>
    <ClCompile Include="source\BmpProc.cpp">
      <Filter>Source Files</Filter>
    </ClCompile>
    <ClCompile Include="source\CISBitmap.cpp">
      <Filter>Source Files</Filter>
    </ClCompile>
    <ClCompile Include="source\ColorScale.cpp">
      <Filter>Source Files</Filter>
    </ClCompile>
    <ClCompile Include="Source\crack.cpp">
      <Filter>Source Files</Filter>
    </ClCompile>
    <ClCompile Include="source\ctrlext.cpp">
      <Filter>Source Files</Filter>
    </ClCompile>
    <ClCompile Include="source\DlgAskOneValue.cpp">
      <Filter>Source Files</Filter>
    </ClCompile>
    <ClCompile Include="Source\DlgAskPage.cpp">
      <Filter>Source Files</Filter>
    </ClCompile>
    <ClCompile Include="Source\DlgBackGroundPic.cpp">
      <Filter>Source Files</Filter>
    </ClCompile>
    <ClCompile Include="Source\DlgCreateDataBase.cpp">
      <Filter>Source Files</Filter>
    </ClCompile>
    <ClCompile Include="source\DlgEditViewSize.cpp">
      <Filter>Source Files</Filter>
    </ClCompile>
    <ClCompile Include="source\DlgMonitor.cpp">
      <Filter>Source Files</Filter>
    </ClCompile>
    <ClCompile Include="Source\DlgMultiRgnViewProperty.cpp">
      <Filter>Source Files</Filter>
    </ClCompile>
    <ClCompile Include="Source\DlgPassword.cpp">
      <Filter>Source Files</Filter>
    </ClCompile>
    <ClCompile Include="Source\DlgPasswordAdder.cpp">
      <Filter>Source Files</Filter>
    </ClCompile>
    <ClCompile Include="Source\DlgSeisWorkProperty.cpp">
      <Filter>Source Files</Filter>
    </ClCompile>
    <ClCompile Include="Source\DlgSprTextImporter.cpp">
      <Filter>Source Files</Filter>
    </ClCompile>
    <ClCompile Include="source\DlgTreeProperty.cpp">
      <Filter>Source Files</Filter>
    </ClCompile>
    <ClCompile Include="Source\DlgXYZInfo.cpp">
      <Filter>Source Files</Filter>
    </ClCompile>
    <ClCompile Include="source\FHEditDoc.cpp">
      <Filter>Source Files</Filter>
    </ClCompile>
    <ClCompile Include="source\fheditview.cpp">
      <Filter>Source Files</Filter>
    </ClCompile>
    <ClCompile Include="Source\FHEditViewInCtl.cpp">
      <Filter>Source Files</Filter>
    </ClCompile>
    <ClCompile Include="source\FHPointLocDoc.cpp">
      <Filter>Source Files</Filter>
    </ClCompile>
    <ClCompile Include="source\FHPointLocView.cpp">
      <Filter>Source Files</Filter>
    </ClCompile>
    <ClCompile Include="source\FHTreeView.cpp">
      <Filter>Source Files</Filter>
    </ClCompile>
    <ClCompile Include="source\FHTreeView2.cpp">
      <Filter>Source Files</Filter>
    </ClCompile>
    <ClCompile Include="source\FHZoomApprDlg.cpp">
      <Filter>Source Files</Filter>
    </ClCompile>
    <ClCompile Include="source\FHZoomView.cpp">
      <Filter>Source Files</Filter>
    </ClCompile>
    <ClCompile Include="source\FHZoomViewGlobal.cpp">
      <Filter>Source Files</Filter>
    </ClCompile>
    <ClCompile Include="source\FontGroup.cpp">
      <Filter>Source Files</Filter>
    </ClCompile>
    <ClCompile Include="source\four1.cpp">
      <Filter>Source Files</Filter>
    </ClCompile>
    <ClCompile Include="source\Graph.cpp">
      <Filter>Source Files</Filter>
    </ClCompile>
    <ClCompile Include="source\GraphLegend.cpp">
      <Filter>Source Files</Filter>
    </ClCompile>
    <ClCompile Include="source\GraphSeries.cpp">
      <Filter>Source Files</Filter>
    </ClCompile>
    <ClCompile Include="source\GridCtrl.cpp">
      <Filter>Source Files</Filter>
    </ClCompile>
    <ClCompile Include="source\GridDropTarget.cpp">
      <Filter>Source Files</Filter>
    </ClCompile>
    <ClCompile Include="Source\HelpDoc.cpp">
      <Filter>Source Files</Filter>
    </ClCompile>
    <ClCompile Include="Source\HelpView.cpp">
      <Filter>Source Files</Filter>
    </ClCompile>
    <ClCompile Include="Source\HistoryDoc.cpp">
      <Filter>Source Files</Filter>
    </ClCompile>
    <ClCompile Include="Source\HistoryView.cpp">
      <Filter>Source Files</Filter>
    </ClCompile>
    <ClCompile Include="source\Hyperbola.cpp">
      <Filter>Source Files</Filter>
    </ClCompile>
    <ClCompile Include="source\InfoDlg.cpp">
      <Filter>Source Files</Filter>
    </ClCompile>
    <ClCompile Include="source\InPlaceEdit.cpp">
      <Filter>Source Files</Filter>
    </ClCompile>
    <ClCompile Include="source\InPlaceList.cpp">
      <Filter>Source Files</Filter>
    </ClCompile>
    <ClCompile Include="Source\MdiBmpClient.cpp">
      <Filter>Source Files</Filter>
    </ClCompile>
    <ClCompile Include="Source\Memequa.cpp">
      <Filter>Source Files</Filter>
    </ClCompile>
    <ClCompile Include="source\MouseAnchorWnd.cpp">
      <Filter>Source Files</Filter>
    </ClCompile>
    <ClCompile Include="source\MouseHook.cpp">
      <Filter>Source Files</Filter>
    </ClCompile>
    <ClCompile Include="Source\MultiChildDoc.cpp">
      <Filter>Source Files</Filter>
    </ClCompile>
    <ClCompile Include="Source\MultiChildView.cpp">
      <Filter>Source Files</Filter>
    </ClCompile>
    <ClCompile Include="Source\MultiDocument.cpp">
      <Filter>Source Files</Filter>
    </ClCompile>
    <ClCompile Include="Source\MultiRgnBaseView.cpp">
      <Filter>Source Files</Filter>
    </ClCompile>
    <ClCompile Include="Source\MultiView.cpp">
      <Filter>Source Files</Filter>
    </ClCompile>
    <ClCompile Include="Source\MyEdit.cpp">
      <Filter>Source Files</Filter>
    </ClCompile>
    <ClCompile Include="source\MyObArray.cpp">
      <Filter>Source Files</Filter>
    </ClCompile>
    <ClCompile Include="Source\openglview.cpp">
      <Filter>Source Files</Filter>
    </ClCompile>
    <ClCompile Include="Source\PasswordDoc.cpp">
      <Filter>Source Files</Filter>
    </ClCompile>
    <ClCompile Include="Source\PasswordManager.cpp">
      <Filter>Source Files</Filter>
    </ClCompile>
    <ClCompile Include="Source\PasswordView.cpp">
      <Filter>Source Files</Filter>
    </ClCompile>
    <ClCompile Include="source\PieDrawer.cpp">
      <Filter>Source Files</Filter>
    </ClCompile>
    <ClCompile Include="source\PolygonClipper.cpp">
      <Filter>Source Files</Filter>
    </ClCompile>
    <ClCompile Include="source\PopupMenuManager.cpp">
      <Filter>Source Files</Filter>
    </ClCompile>
    <ClCompile Include="Source\QCReportReader.cpp">
      <Filter>Source Files</Filter>
    </ClCompile>
    <ClCompile Include="Source\QCReportWriter.cpp">
      <Filter>Source Files</Filter>
    </ClCompile>
    <ClCompile Include="source\Range.cpp">
      <Filter>Source Files</Filter>
    </ClCompile>
    <ClCompile Include="source\realft.cpp">
      <Filter>Source Files</Filter>
    </ClCompile>
    <ClCompile Include="source\RectClipper.cpp">
      <Filter>Source Files</Filter>
    </ClCompile>
    <ClCompile Include="Source\ReportBase.cpp">
      <Filter>Source Files</Filter>
    </ClCompile>
    <ClCompile Include="Source\ReportReader.cpp">
      <Filter>Source Files</Filter>
    </ClCompile>
    <ClCompile Include="Source\ReportWriter.cpp">
      <Filter>Source Files</Filter>
    </ClCompile>
    <ClCompile Include="source\SortedHeaderCtrl.cpp">
      <Filter>Source Files</Filter>
    </ClCompile>
    <ClCompile Include="source\SortedListCtrl.cpp">
      <Filter>Source Files</Filter>
    </ClCompile>
    <ClCompile Include="SortedListSelector.cpp">
      <Filter>Source Files</Filter>
    </ClCompile>
    <ClCompile Include="Source\Sortlist.cpp">
      <Filter>Source Files</Filter>
    </ClCompile>
    <ClCompile Include="source\Spline.cpp">
      <Filter>Source Files</Filter>
    </ClCompile>
    <ClCompile Include="source\splitterTabWnd.cpp">
      <Filter>Source Files</Filter>
    </ClCompile>
    <ClCompile Include="source\SpreadSheet.cpp">
      <Filter>Source Files</Filter>
    </ClCompile>
    <ClCompile Include="Source\StaticInCtl.cpp">
      <Filter>Source Files</Filter>
    </ClCompile>
    <ClCompile Include="StdAfx.cpp">
      <Filter>Source Files</Filter>
    </ClCompile>
    <ClCompile Include="Source\StringListCtrl.cpp">
      <Filter>Source Files</Filter>
    </ClCompile>
    <ClCompile Include="Source\TagLine.cpp">
      <Filter>Source Files</Filter>
    </ClCompile>
    <ClCompile Include="Source\Textdoc.cpp">
      <Filter>Source Files</Filter>
    </ClCompile>
    <ClCompile Include="Source\TextFileShowView.cpp">
      <Filter>Source Files</Filter>
    </ClCompile>
    <ClCompile Include="Source\Textview.cpp">
      <Filter>Source Files</Filter>
    </ClCompile>
    <ClCompile Include="source\TransparentWnd.cpp">
      <Filter>Source Files</Filter>
    </ClCompile>
    <ClCompile Include="Source\TreeViewText.cpp">
      <Filter>Source Files</Filter>
    </ClCompile>
    <ClCompile Include="source\XYZDoc.cpp">
      <Filter>Source Files</Filter>
    </ClCompile>
    <ClCompile Include="source\XYZView.cpp">
      <Filter>Source Files</Filter>
    </ClCompile>
    <ClCompile Include="source\ZDEquation.cpp">
      <Filter>Source Files</Filter>
    </ClCompile>
    <ClCompile Include="zoomview.cpp">
      <Filter>Source Files</Filter>
    </ClCompile>
    <ClCompile Include="Source\PropertyPageManager.cpp">
      <Filter>Source Files</Filter>
    </ClCompile>
  </ItemGroup>
  <ItemGroup>
    <None Include="zoomview.def">
      <Filter>Source Files</Filter>
    </None>
    <None Include="res\CurZoomIn.cur">
      <Filter>Resource Files</Filter>
    </None>
    <None Include="res\CurZoomOut.cur">
      <Filter>Resource Files</Filter>
    </None>
    <None Include="Res\number_0.bmp">
      <Filter>Resource Files</Filter>
    </None>
    <None Include="Res\number_1.bmp">
      <Filter>Resource Files</Filter>
    </None>
    <None Include="Res\number_2.bmp">
      <Filter>Resource Files</Filter>
    </None>
    <None Include="Res\number_3.bmp">
      <Filter>Resource Files</Filter>
    </None>
    <None Include="Res\number_4.bmp">
      <Filter>Resource Files</Filter>
    </None>
    <None Include="Res\number_5.bmp">
      <Filter>Resource Files</Filter>
    </None>
    <None Include="Res\number_6.bmp">
      <Filter>Resource Files</Filter>
    </None>
    <None Include="Res\number_7.bmp">
      <Filter>Resource Files</Filter>
    </None>
    <None Include="Res\number_8.bmp">
      <Filter>Resource Files</Filter>
    </None>
    <None Include="Res\number_9.bmp">
      <Filter>Resource Files</Filter>
    </None>
    <None Include="Res\number_minus.bmp">
      <Filter>Resource Files</Filter>
    </None>
    <None Include="Res\number_point.bmp">
      <Filter>Resource Files</Filter>
    </None>
    <None Include="res\toolbar1.bmp">
      <Filter>Resource Files</Filter>
    </None>
    <None Include="res\tree_sur.bmp">
      <Filter>Resource Files</Filter>
    </None>
    <None Include="res\zoomview.rc2">
      <Filter>Resource Files</Filter>
    </None>
    <None Include="ReadMe.txt" />
    <None Include="ReSetResourceID.txt" />
  </ItemGroup>
  <ItemGroup>
    <ResourceCompile Include="Zoomview.rc">
      <Filter>Source Files</Filter>
    </ResourceCompile>
  </ItemGroup>
  <ItemGroup>
    <ClInclude Include="include\BmpProc.h">
      <Filter>Header Files</Filter>
    </ClInclude>
    <ClInclude Include="include\CellRange.h">
      <Filter>Header Files</Filter>
    </ClInclude>
    <ClInclude Include="include\CISBitmap.h">
      <Filter>Header Files</Filter>
    </ClInclude>
    <ClInclude Include="include\ColorScale.h">
      <Filter>Header Files</Filter>
    </ClInclude>
    <ClInclude Include="Include\crack.h">
      <Filter>Header Files</Filter>
    </ClInclude>
    <ClInclude Include="include\ctrlext.h">
      <Filter>Header Files</Filter>
    </ClInclude>
    <ClInclude Include="include\czxy.h">
      <Filter>Header Files</Filter>
    </ClInclude>
    <ClInclude Include="include\DaoDatabase.h">
      <Filter>Header Files</Filter>
    </ClInclude>
    <ClInclude Include="include\datafmt.h">
      <Filter>Header Files</Filter>
    </ClInclude>
    <ClInclude Include="include\DlgAskOneValue.h">
      <Filter>Header Files</Filter>
    </ClInclude>
    <ClInclude Include="Include\DlgAskPage.h">
      <Filter>Header Files</Filter>
    </ClInclude>
    <ClInclude Include="Include\DlgBackGroundPic.h">
      <Filter>Header Files</Filter>
    </ClInclude>
    <ClInclude Include="Include\DlgCreateDataBase.h">
      <Filter>Header Files</Filter>
    </ClInclude>
    <ClInclude Include="include\DlgEditViewSize.h">
      <Filter>Header Files</Filter>
    </ClInclude>
    <ClInclude Include="include\DlgMonitor.h">
      <Filter>Header Files</Filter>
    </ClInclude>
    <ClInclude Include="Include\DlgMultiRgnViewProperty.h">
      <Filter>Header Files</Filter>
    </ClInclude>
    <ClInclude Include="Include\DlgPasswordAdder.h">
      <Filter>Header Files</Filter>
    </ClInclude>
    <ClInclude Include="Include\DlgSeisWorkProperty.h">
      <Filter>Header Files</Filter>
    </ClInclude>
    <ClInclude Include="Include\DlgSprTextImporter.h">
      <Filter>Header Files</Filter>
    </ClInclude>
    <ClInclude Include="include\DlgTreeProperty.h">
      <Filter>Header Files</Filter>
    </ClInclude>
    <ClInclude Include="Include\DlgXYZInfo.h">
      <Filter>Header Files</Filter>
    </ClInclude>
    <ClInclude Include="include\FHEditDoc.h">
      <Filter>Header Files</Filter>
    </ClInclude>
    <ClInclude Include="include\fheditview.h">
      <Filter>Header Files</Filter>
    </ClInclude>
    <ClInclude Include="Include\FHEditViewInCtl.h">
      <Filter>Header Files</Filter>
    </ClInclude>
    <ClInclude Include="include\FHPointLocDoc.h">
      <Filter>Header Files</Filter>
    </ClInclude>
    <ClInclude Include="include\FHPointLocView.h">
      <Filter>Header Files</Filter>
    </ClInclude>
    <ClInclude Include="include\FHTreeView.h">
      <Filter>Header Files</Filter>
    </ClInclude>
    <ClInclude Include="include\FHZoomApprDlg.h">
      <Filter>Header Files</Filter>
    </ClInclude>
    <ClInclude Include="include\FHZoomView.h">
      <Filter>Header Files</Filter>
    </ClInclude>
    <ClInclude Include="include\FHZoomViewGlobal.h">
      <Filter>Header Files</Filter>
    </ClInclude>
    <ClInclude Include="include\FontGroup.h">
      <Filter>Header Files</Filter>
    </ClInclude>
    <ClInclude Include="include\Graph.h">
      <Filter>Header Files</Filter>
    </ClInclude>
    <ClInclude Include="include\GraphLegend.h">
      <Filter>Header Files</Filter>
    </ClInclude>
    <ClInclude Include="include\GraphSeries.h">
      <Filter>Header Files</Filter>
    </ClInclude>
    <ClInclude Include="include\GridCtrl.h">
      <Filter>Header Files</Filter>
    </ClInclude>
    <ClInclude Include="include\GridDropTarget.h">
      <Filter>Header Files</Filter>
    </ClInclude>
    <ClInclude Include="Include\HelpDoc.h">
      <Filter>Header Files</Filter>
    </ClInclude>
    <ClInclude Include="Include\HelpView.h">
      <Filter>Header Files</Filter>
    </ClInclude>
    <ClInclude Include="Include\HistoryDoc.h">
      <Filter>Header Files</Filter>
    </ClInclude>
    <ClInclude Include="Include\HistoryView.h">
      <Filter>Header Files</Filter>
    </ClInclude>
    <ClInclude Include="include\Hyperbola.h">
      <Filter>Header Files</Filter>
    </ClInclude>
    <ClInclude Include="include\InfoDlg.h">
      <Filter>Header Files</Filter>
    </ClInclude>
    <ClInclude Include="include\InPlaceEdit.h">
      <Filter>Header Files</Filter>
    </ClInclude>
    <ClInclude Include="include\InPlaceList.h">
      <Filter>Header Files</Filter>
    </ClInclude>
    <ClInclude Include="include\ItemInfo.h">
      <Filter>Header Files</Filter>
    </ClInclude>
    <ClInclude Include="include\LineProperty.h">
      <Filter>Header Files</Filter>
    </ClInclude>
    <ClInclude Include="Include\MdiBmpClient.h">
      <Filter>Header Files</Filter>
    </ClInclude>
    <ClInclude Include="include\MemDC.h">
      <Filter>Header Files</Filter>
    </ClInclude>
    <ClInclude Include="include\MemDCSimple.h">
      <Filter>Header Files</Filter>
    </ClInclude>
    <ClInclude Include="Include\Memequa.h">
      <Filter>Header Files</Filter>
    </ClInclude>
    <ClInclude Include="include\MenuDef.h">
      <Filter>Header Files</Filter>
    </ClInclude>
    <ClInclude Include="include\MouseAnchorWnd.h">
      <Filter>Header Files</Filter>
    </ClInclude>
    <ClInclude Include="include\MouseHook.h">
      <Filter>Header Files</Filter>
    </ClInclude>
    <ClInclude Include="Include\MultiChildDoc.h">
      <Filter>Header Files</Filter>
    </ClInclude>
    <ClInclude Include="Include\MultiChildView.h">
      <Filter>Header Files</Filter>
    </ClInclude>
    <ClInclude Include="Include\MultiDocument.h">
      <Filter>Header Files</Filter>
    </ClInclude>
    <ClInclude Include="Include\MultiRgnBaseView.h">
      <Filter>Header Files</Filter>
    </ClInclude>
    <ClInclude Include="Include\MultiView.h">
      <Filter>Header Files</Filter>
    </ClInclude>
    <ClInclude Include="Include\MyEdit.h">
      <Filter>Header Files</Filter>
    </ClInclude>
    <ClInclude Include="include\MyObArray.h">
      <Filter>Header Files</Filter>
    </ClInclude>
    <ClInclude Include="Include\openglview.h">
      <Filter>Header Files</Filter>
    </ClInclude>
    <ClInclude Include="Include\PasswordDoc.h">
      <Filter>Header Files</Filter>
    </ClInclude>
    <ClInclude Include="Include\PasswordManager.h">
      <Filter>Header Files</Filter>
    </ClInclude>
    <ClInclude Include="Include\PasswordView.h">
      <Filter>Header Files</Filter>
    </ClInclude>
    <ClInclude Include="include\PieDrawer.h">
      <Filter>Header Files</Filter>
    </ClInclude>
    <ClInclude Include="include\PolygonClipper.h">
      <Filter>Header Files</Filter>
    </ClInclude>
    <ClInclude Include="include\PopupMenuManager.h">
      <Filter>Header Files</Filter>
    </ClInclude>
    <ClInclude Include="Include\QCReportReader.h">
      <Filter>Header Files</Filter>
    </ClInclude>
    <ClInclude Include="Include\QCReportWriter.h">
      <Filter>Header Files</Filter>
    </ClInclude>
    <ClInclude Include="include\Range.h">
      <Filter>Header Files</Filter>
    </ClInclude>
    <ClInclude Include="include\RectClipper.h">
      <Filter>Header Files</Filter>
    </ClInclude>
    <ClInclude Include="Include\ReportBase.h">
      <Filter>Header Files</Filter>
    </ClInclude>
    <ClInclude Include="Include\ReportReader.h">
      <Filter>Header Files</Filter>
    </ClInclude>
    <ClInclude Include="Include\ReportWriter.h">
      <Filter>Header Files</Filter>
    </ClInclude>
    <ClInclude Include="resource.h">
      <Filter>Header Files</Filter>
    </ClInclude>
    <ClInclude Include="include\SortedHeaderCtrl.h">
      <Filter>Header Files</Filter>
    </ClInclude>
    <ClInclude Include="include\SortedListCtrl.h">
      <Filter>Header Files</Filter>
    </ClInclude>
    <ClInclude Include="SortedListSelector.h">
      <Filter>Header Files</Filter>
    </ClInclude>
    <ClInclude Include="Include\Sortlist.h">
      <Filter>Header Files</Filter>
    </ClInclude>
    <ClInclude Include="Include\Spline.h">
      <Filter>Header Files</Filter>
    </ClInclude>
    <ClInclude Include="include\splitterTabWnd.h">
      <Filter>Header Files</Filter>
    </ClInclude>
    <ClInclude Include="include\SpreadSheet.h">
      <Filter>Header Files</Filter>
    </ClInclude>
    <ClInclude Include="Include\StaticInCtl.h">
      <Filter>Header Files</Filter>
    </ClInclude>
    <ClInclude Include="StdAfx.h">
      <Filter>Header Files</Filter>
    </ClInclude>
    <ClInclude Include="Include\StringListCtrl.h">
      <Filter>Header Files</Filter>
    </ClInclude>
    <ClInclude Include="Include\TagLine.h">
      <Filter>Header Files</Filter>
    </ClInclude>
    <ClInclude Include="Include\Textdoc.h">
      <Filter>Header Files</Filter>
    </ClInclude>
    <ClInclude Include="Include\TextFileShowView.h">
      <Filter>Header Files</Filter>
    </ClInclude>
    <ClInclude Include="Include\Textview.h">
      <Filter>Header Files</Filter>
    </ClInclude>
    <ClInclude Include="include\TransparentWnd.h">
      <Filter>Header Files</Filter>
    </ClInclude>
    <ClInclude Include="Include\TreeViewText.h">
      <Filter>Header Files</Filter>
    </ClInclude>
    <ClInclude Include="include\XYZDoc.h">
      <Filter>Header Files</Filter>
    </ClInclude>
    <ClInclude Include="include\XYZView.h">
      <Filter>Header Files</Filter>
    </ClInclude>
    <ClInclude Include="include\ZDEquation.h">
      <Filter>Header Files</Filter>
    </ClInclude>
    <ClInclude Include="Include\PropertyPageManager.h">
      <Filter>Header Files</Filter>
    </ClInclude>
  </ItemGroup>
</Project>